{
  "name": "FlashFusionWebsite (Copy)",
  "version": "0.1.0",
  "lockfileVersion": 3,
  "requires": true,
  "packages": {
    "": {
      "name": "FlashFusionWebsite (Copy)",
      "version": "0.1.0",
      "dependencies": {
        "@octokit/webhooks-methods": "^4.0.0",
        "@playwright/test": "^1.49.0",
        "@prisma/client": "^5.21.1",
        "@radix-ui/react-accordion": "^1.2.3",
        "@radix-ui/react-alert-dialog": "^1.1.6",
        "@radix-ui/react-aspect-ratio": "^1.1.2",
        "@radix-ui/react-avatar": "^1.1.3",
        "@radix-ui/react-checkbox": "^1.1.4",
        "@radix-ui/react-collapsible": "^1.1.3",
        "@radix-ui/react-context-menu": "^2.2.6",
        "@radix-ui/react-dialog": "^1.1.6",
        "@radix-ui/react-dropdown-menu": "^2.1.6",
        "@radix-ui/react-hover-card": "^1.1.6",
        "@radix-ui/react-label": "^2.1.2",
        "@radix-ui/react-menubar": "^1.1.6",
        "@radix-ui/react-navigation-menu": "^1.2.5",
        "@radix-ui/react-popover": "^1.1.6",
        "@radix-ui/react-progress": "^1.1.2",
        "@radix-ui/react-radio-group": "^1.2.3",
        "@radix-ui/react-scroll-area": "^1.2.3",
        "@radix-ui/react-select": "^2.1.6",
        "@radix-ui/react-separator": "^1.1.5",
        "@radix-ui/react-slider": "^1.2.4",
        "@radix-ui/react-slot": "^1.1.2",
        "@radix-ui/react-switch": "^1.1.3",
        "@radix-ui/react-tabs": "^1.2.4",
        "@radix-ui/react-toggle": "^1.1.2",
        "@radix-ui/react-toggle-group": "^1.1.2",
        "@radix-ui/react-tooltip": "^1.1.8",
        "@storybook/react": "^8.4.7",
        "@storybook/react-vite": "^8.4.7",
        "@storybook/test": "^8.4.7",
        "@supabase/supabase-js": "^2.49.0",
        "@testing-library/jest-dom": "^6.6.3",
        "@testing-library/react": "^16.1.0",
        "@vitejs/plugin-legacy": "^5.4.2",
        "@vitejs/plugin-react": "^4.3.4",
        "class-variance-authority": "^0.7.1",
        "clsx": "^2.1.1",
        "cmdk": "^1.1.1",
        "date-fns": "^3.6.0",
        "embla-carousel-react": "^8.6.0",
        "express": "^4.21.1",
        "express-rate-limit": "^7.4.0",
        "file-saver": "^2.0.5",
        "hono": "^4.6.16",
        "input-otp": "^1.4.2",
        "jszip": "^3.10.1",
        "lucide-react": "^0.487.0",
        "motion": "^11.15.0",
        "next": "^14.2.15",
        "next-themes": "^0.4.6",
        "node-fetch": "^3.3.2",
        "react": "^18.3.1",
        "react-day-picker": "^8.10.1",
        "react-dom": "^18.3.1",
        "react-hook-form": "^7.55.0",
        "react-resizable-panels": "^2.1.7",
        "react-syntax-highlighter": "^15.5.0",
        "recharts": "^2.15.2",
        "rollup-plugin-visualizer": "^5.12.0",
        "sonner": "^2.0.3",
        "tailwind-merge": "^2.5.3",
        "tailwindcss": "^3.4.15",
        "vaul": "^1.1.2",
        "vite-plugin-compression2": "^1.3.3",
        "vitest": "^2.1.4",
        "web-vitals": "^4.2.4",
        "yaml": "^2.7.1",
        "zod": "^3.24.4"
      },
      "devDependencies": {
        "@types/node": "^20.10.0",
        "@vitejs/plugin-react-swc": "^3.10.2",
        "vite": "6.3.5"
      }
    }
  },
  "dependencies": {
    "@octokit/webhooks-methods": {
      "version": "4.0.0"
    },
    "@playwright/test": {
      "version": "1.49.0"
    },
    "@prisma/client": {
      "version": "5.21.1"
    },
    "@radix-ui/react-accordion": {
      "version": "1.2.3"
    },
    "@radix-ui/react-alert-dialog": {
      "version": "1.1.6"
    },
    "@radix-ui/react-aspect-ratio": {
      "version": "1.1.2"
    },
    "@radix-ui/react-avatar": {
      "version": "1.1.3"
    },
    "@radix-ui/react-checkbox": {
      "version": "1.1.4"
    },
    "@radix-ui/react-collapsible": {
      "version": "1.1.3"
    },
    "@radix-ui/react-context-menu": {
      "version": "2.2.6"
    },
    "@radix-ui/react-dialog": {
      "version": "1.1.6"
    },
    "@radix-ui/react-dropdown-menu": {
      "version": "2.1.6"
    },
    "@radix-ui/react-hover-card": {
      "version": "1.1.6"
    },
    "@radix-ui/react-label": {
      "version": "2.1.2"
    },
    "@radix-ui/react-menubar": {
      "version": "1.1.6"
    },
    "@radix-ui/react-navigation-menu": {
      "version": "1.2.5"
    },
    "@radix-ui/react-popover": {
      "version": "1.1.6"
    },
    "@radix-ui/react-progress": {
      "version": "1.1.2"
    },
    "@radix-ui/react-radio-group": {
      "version": "1.2.3"
    },
    "@radix-ui/react-scroll-area": {
      "version": "1.2.3"
    },
    "@radix-ui/react-select": {
      "version": "2.1.6"
    },
    "@radix-ui/react-separator": {
      "version": "1.1.5"
    },
    "@radix-ui/react-slider": {
      "version": "1.2.4"
    },
    "@radix-ui/react-slot": {
      "version": "1.1.2"
    },
    "@radix-ui/react-switch": {
      "version": "1.1.3"
    },
    "@radix-ui/react-tabs": {
      "version": "1.2.4"
    },
    "@radix-ui/react-toggle": {
      "version": "1.1.2"
    },
    "@radix-ui/react-toggle-group": {
      "version": "1.1.2"
    },
    "@radix-ui/react-tooltip": {
      "version": "1.1.8"
    },
    "@storybook/react": {
      "version": "8.4.7"
    },
    "@storybook/react-vite": {
      "version": "8.4.7"
    },
    "@storybook/test": {
      "version": "8.4.7"
    },
    "@supabase/supabase-js": {
      "version": "2.49.0"
    },
    "@testing-library/jest-dom": {
      "version": "6.6.3"
    },
    "@testing-library/react": {
      "version": "16.1.0"
    },
    "@vitejs/plugin-legacy": {
      "version": "5.4.2"
    },
    "@vitejs/plugin-react": {
      "version": "4.3.4"
    },
    "class-variance-authority": {
      "version": "0.7.1"
    },
    "clsx": {
      "version": "2.1.1"
    },
    "cmdk": {
      "version": "1.1.1"
    },
    "date-fns": {
      "version": "3.6.0"
    },
    "embla-carousel-react": {
      "version": "8.6.0"
    },
    "express": {
      "version": "4.21.1"
    },
    "express-rate-limit": {
      "version": "7.4.0"
    },
    "file-saver": {
      "version": "2.0.5"
    },
    "hono": {
      "version": "4.6.16"
    },
    "input-otp": {
      "version": "1.4.2"
    },
    "jszip": {
      "version": "3.10.1"
    },
    "lucide-react": {
      "version": "0.487.0"
    },
    "motion": {
      "version": "11.15.0"
    },
    "next": {
      "version": "14.2.15"
    },
    "next-themes": {
      "version": "0.4.6"
    },
    "node-fetch": {
      "version": "3.3.2"
    },
    "react": {
      "version": "18.3.1"
    },
    "react-day-picker": {
      "version": "8.10.1"
    },
    "react-dom": {
      "version": "18.3.1"
    },
    "react-hook-form": {
      "version": "7.55.0"
    },
    "react-resizable-panels": {
      "version": "2.1.7"
    },
    "react-syntax-highlighter": {
      "version": "15.5.0"
    },
    "recharts": {
      "version": "2.15.2"
    },
    "rollup-plugin-visualizer": {
      "version": "5.12.0"
    },
    "sonner": {
      "version": "2.0.3"
    },
    "tailwind-merge": {
      "version": "2.5.3"
    },
    "tailwindcss": {
      "version": "3.4.15"
    },
    "vaul": {
      "version": "1.1.2"
    },
    "vite-plugin-compression2": {
      "version": "1.3.3"
    },
    "vitest": {
      "version": "2.1.4"
    },
    "web-vitals": {
      "version": "4.2.4"
    },
    "yaml": {
      "version": "2.7.1"
    },
    "zod": {
      "version": "3.24.4"
    }
  },
  "devDependencies": {
    "@types/node": {
      "version": "20.10.0"
    },
    "@vitejs/plugin-react-swc": {
      "version": "3.10.2"
    },
    "vite": {
      "version": "6.3.5"
    }
  }
}
